
Microsoft Visual Studio Solution File, Format Version 12.00
# Visual Studio Version 17
VisualStudioVersion = 17.9.34607.119
MinimumVisualStudioVersion = 10.0.40219.1
Project("{FAE04EC0-301F-11D3-BF4B-00C04F79EFBC}") = "lab3", "lab3.csproj", "{6BC4510E-29D7-4496-B6BE-281FF2595325}"
EndProject
Global
	GlobalSection(SolutionConfigurationPlatforms) = preSolution
		Debug|Any CPU = Debug|Any CPU
		Release|Any CPU = Release|Any CPU
	EndGlobalSection
	GlobalSection(ProjectConfigurationPlatforms) = postSolution
		{6BC4510E-29D7-4496-B6BE-281FF2595325}.Debug|Any CPU.ActiveCfg = Debug|Any CPU
		{6BC4510E-29D7-4496-B6BE-281FF2595325}.Debug|Any CPU.Build.0 = Debug|Any CPU
		{6BC4510E-29D7-4496-B6BE-281FF2595325}.Release|Any CPU.ActiveCfg = Release|Any CPU
		{6BC4510E-29D7-4496-B6BE-281FF2595325}.Release|Any CPU.Build.0 = Release|Any CPU
	EndGlobalSection
	GlobalSection(SolutionProperties) = preSolution
		HideSolutionNode = FALSE
	EndGlobalSection
	GlobalSection(ExtensibilityGlobals) = postSolution
		SolutionGuid = {2164C9A6-49D9-4E42-BEAC-51C0B5A32B21}
	EndGlobalSection
EndGlobal
